// !$*UTF8*$!
{
	archiveVersion = 1;
	classes = {
	};
	objectVersion = 48;
	objects = {

/* Begin PBXBuildFile section */
		F8D1728E1F7C01F2002F1692 /* AppDelegate.m in Sources */ = {isa = PBXBuildFile; fileRef = F8D1728D1F7C01F2002F1692 /* AppDelegate.m */; };
		F8D172911F7C01F2002F1692 /* ViewController.m in Sources */ = {isa = PBXBuildFile; fileRef = F8D172901F7C01F2002F1692 /* ViewController.m */; };
		F8D172941F7C01F2002F1692 /* Main.storyboard in Resources */ = {isa = PBXBuildFile; fileRef = F8D172921F7C01F2002F1692 /* Main.storyboard */; };
		F8D172961F7C01F2002F1692 /* Assets.xcassets in Resources */ = {isa = PBXBuildFile; fileRef = F8D172951F7C01F2002F1692 /* Assets.xcassets */; };
		F8D172991F7C01F2002F1692 /* LaunchScreen.storyboard in Resources */ = {isa = PBXBuildFile; fileRef = F8D172971F7C01F2002F1692 /* LaunchScreen.storyboard */; };
		F8D1729C1F7C01F2002F1692 /* main.m in Sources */ = {isa = PBXBuildFile; fileRef = F8D1729B1F7C01F2002F1692 /* main.m */; };
/* End PBXBuildFile section */

/* Begin PBXFileReference section */
		F8D172891F7C01F2002F1692 /* PDSRtmpPlayerDemo.app */ = {isa = PBXFileReference; explicitFileType = wrapper.application; includeInIndex = 0; path = PDSRtmpPlayerDemo.app; sourceTree = BUILT_PRODUCTS_DIR; };
		F8D1728C1F7C01F2002F1692 /* AppDelegate.h */ = {isa = PBXFileReference; lastKnownFileType = sourcecode.c.h; path = AppDelegate.h; sourceTree = "<group>"; };
		F8D1728D1F7C01F2002F1692 /* AppDelegate.m */ = {isa = PBXFileReference; lastKnownFileType = sourcecode.c.objc; path = AppDelegate.m; sourceTree = "<group>"; };
		F8D1728F1F7C01F2002F1692 /* ViewController.h */ = {isa = PBXFileReference; lastKnownFileType = sourcecode.c.h; path = ViewController.h; sourceTree = "<group>"; };
		F8D172901F7C01F2002F1692 /* ViewController.m */ = {isa = PBXFileReference; lastKnownFileType = sourcecode.c.objc; path = ViewController.m; sourceTree = "<group>"; };
		F8D172931F7C01F2002F1692 /* Base */ = {isa = PBXFileReference; lastKnownFileType = file.storyboard; name = Base; path = Base.lproj/Main.storyboard; sourceTree = "<group>"; };
		F8D172951F7C01F2002F1692 /* Assets.xcassets */ = {isa = PBXFileReference; lastKnownFileType = folder.assetcatalog; path = Assets.xcassets; sourceTree = "<group>"; };
		F8D172981F7C01F2002F1692 /* Base */ = {isa = PBXFileReference; lastKnownFileType = file.storyboard; name = Base; path = Base.lproj/LaunchScreen.storyboard; sourceTree = "<group>"; };
		F8D1729A1F7C01F2002F1692 /* Info.plist */ = {isa = PBXFileReference; lastKnownFileType = text.plist.xml; path = Info.plist; sourceTree = "<group>"; };
		F8D1729B1F7C01F2002F1692 /* main.m */ = {isa = PBXFileReference; lastKnownFileType = sourcecode.c.objc; path = main.m; sourceTree = "<group>"; };
/* End PBXFileReference section */

/* Begin PBXFrameworksBuildPhase section */
		F8D172861F7C01F2002F1692 /* Frameworks */ = {
			isa = PBXFrameworksBuildPhase;
			buildActionMask = 2147483647;
			files = (
			);
			runOnlyForDeploymentPostprocessing = 0;
		};
/* End PBXFrameworksBuildPhase section */

/* Begin PBXGroup section */
		F8D172801F7C01F2002F1692 = {
			isa = PBXGroup;
			children = (
				F8D1728B1F7C01F2002F1692 /* PDSRtmpPlayerDemo */,
				F8D1728A1F7C01F2002F1692 /* Products */,
			);
			sourceTree = "<group>";
		};
		F8D1728A1F7C01F2002F1692 /* Products */ = {
			isa = PBXGroup;
			children = (
				F8D172891F7C01F2002F1692 /* PDSRtmpPlayerDemo.app */,
			);
			name = Products;
			sourceTree = "<group>";
		};
		F8D1728B1F7C01F2002F1692 /* PDSRtmpPlayerDemo */ = {
			isa = PBXGroup;
			children = (
				F8D172951F7C01F2002F1692 /* Assets.xcassets */,
				F8D172971F7C01F2002F1692 /* LaunchScreen.storyboard */,
				F8D172921F7C01F2002F1692 /* Main.storyboard */,
				F8D1728C1F7C01F2002F1692 /* AppDelegate.h */,
				F8D1728D1F7C01F2002F1692 /* AppDelegate.m */,
				F8D1728F1F7C01F2002F1692 /* ViewController.h */,
				F8D172901F7C01F2002F1692 /* ViewController.m */,
				F8D1729A1F7C01F2002F1692 /* Info.plist */,
				F8D1729B1F7C01F2002F1692 /* main.m */,
			);
			path = PDSRtmpPlayerDemo;
			sourceTree = "<group>";
		};
/* End PBXGroup section */

/* Begin PBXNativeTarget section */
		F8D172881F7C01F2002F1692 /* PDSRtmpPlayerDemo */ = {
			isa = PBXNativeTarget;
			buildConfigurationList = F8D1729F1F7C01F2002F1692 /* Build configuration list for PBXNativeTarget "PDSRtmpPlayerDemo" */;
			buildPhases = (
				F8D172851F7C01F2002F1692 /* Sources */,
				F8D172861F7C01F2002F1692 /* Frameworks */,
				F8D172871F7C01F2002F1692 /* Resources */,
			);
			buildRules = (
			);
			dependencies = (
			);
			name = PDSRtmpPlayerDemo;
			productName = PDSRtmpPlayerDemo;
			productReference = F8D172891F7C01F2002F1692 /* PDSRtmpPlayerDemo.app */;
			productType = "com.apple.product-type.application";
		};
/* End PBXNativeTarget section */

/* Begin PBXProject section */
		F8D172811F7C01F2002F1692 /* Project object */ = {
			isa = PBXProject;
			attributes = {
				LastUpgradeCheck = 0900;
				ORGANIZATIONNAME = w91379137;
				TargetAttributes = {
					F8D172881F7C01F2002F1692 = {
						CreatedOnToolsVersion = 9.0;
						ProvisioningStyle = Automatic;
					};
				};
			};
			buildConfigurationList = F8D172841F7C01F2002F1692 /* Build configuration list for PBXProject "PDSRtmpPlayerDemo" */;
			compatibilityVersion = "Xcode 8.0";
			developmentRegion = en;
			hasScannedForEncodings = 0;
			knownRegions = (
				en,
				Base,
			);
			mainGroup = F8D172801F7C01F2002F1692;
			productRefGroup = F8D1728A1F7C01F2002F1692 /* Products */;
			projectDirPath = "";
			projectRoot = "";
			targets = (
				F8D172881F7C01F2002F1692 /* PDSRtmpPlayerDemo */,
			);
		};
/* End PBXProject section */

/* Begin PBXResourcesBuildPhase section */
		F8D172871F7C01F2002F1692 /* Resources */ = {
			isa = PBXResourcesBuildPhase;
			buildActionMask = 2147483647;
			files = (
				F8D172991F7C01F2002F1692 /* LaunchScreen.storyboard in Resources */,
				F8D172961F7C01F2002F1692 /* Assets.xcassets in Resources */,
				F8D172941F7C01F2002F1692 /* Main.storyboard in Resources */,
			);
			runOnlyForDeploymentPostprocessing = 0;
		};
/* End PBXResourcesBuildPhase section */

/* Begin PBXSourcesBuildPhase section */
		F8D172851F7C01F2002F1692 /* Sources */ = {
			isa = PBXSourcesBuildPhase;
			buildActionMask = 2147483647;
			files = (
				F8D172911F7C01F2002F1692 /* ViewController.m in Sources */,
				F8D1729C1F7C01F2002F1692 /* main.m in Sources */,
				F8D1728E1F7C01F2002F1692 /* AppDelegate.m in Sources */,
			);
			runOnlyForDeploymentPostprocessing = 0;
		};
/* End PBXSourcesBuildPhase section */

/* Begin PBXVariantGroup section */
		F8D172921F7C01F2002F1692 /* Main.storyboard */ = {
			isa = PBXVariantGroup;
			children = (
				F8D172931F7C01F2002F1692 /* Base */,
			);
			name = Main.storyboard;
			sourceTree = "<group>";
		};
		F8D172971F7C01F2002F1692 /* LaunchScreen.storyboard */ = {
			isa = PBXVariantGroup;
			children = (
				F8D172981F7C01F2002F1692 /* Base */,
			);
			name = LaunchScreen.storyboard;
			sourceTree = "<group>";
		};
/* End PBXVariantGroup section */

/* Begin XCBuildConfiguration section */
		F8D1729D1F7C01F2002F1692 /* Debug */ = {
			isa = XCBuildConfiguration;
			buildSettings = {
				ALWAYS_SEARCH_USER_PATHS = NO;
				CLANG_ANALYZER_NONNULL = YES;
				CLANG_ANALYZER_NUMBER_OBJECT_CONVERSION = YES_AGGRESSIVE;
				CLANG_CXX_LANGUAGE_STANDARD = "gnu++14";
				CLANG_CXX_LIBRARY = "libc++";
				CLANG_ENABLE_MODULES = YES;
				CLANG_ENABLE_OBJC_ARC = YES;
				CLANG_WARN_BLOCK_CAPTURE_AUTORELEASING = YES;
				CLANG_WARN_BOOL_CONVERSION = YES;
				CLANG_WARN_COMMA = YES;
				CLANG_WARN_CONSTANT_CONVERSION = YES;
				CLANG_WARN_DIRECT_OBJC_ISA_USAGE = YES_ERROR;
				CLANG_WARN_DOCUMENTATION_COMMENTS = YES;
				CLANG_WARN_EMPTY_BODY = YES;
				CLANG_WARN_ENUM_CONVERSION = YES;
				CLANG_WARN_INFINITE_RECURSION = YES;
				CLANG_WARN_INT_CONVERSION = YES;
				CLANG_WARN_NON_LITERAL_NULL_CONVERSION = YES;
				CLANG_WARN_OBJC_LITERAL_CONVERSION = YES;
				CLANG_WARN_OBJC_ROOT_CLASS = YES_ERROR;
				CLANG_WARN_RANGE_LOOP_ANALYSIS = YES;
				CLANG_WARN_STRICT_PROTOTYPES = YES;
				CLANG_WARN_SUSPICIOUS_MOVE = YES;
				CLANG_WARN_UNGUARDED_AVAILABILITY = YES_AGGRESSIVE;
				CLANG_WARN_UNREACHABLE_CODE = YES;
				CLANG_WARN__DUPLICATE_METHOD_MATCH = YES;
				CODE_SIGN_IDENTITY = "iPhone Developer";
				COPY_PHASE_STRIP = NO;
				DEBUG_INFORMATION_FORMAT = dwarf;
				ENABLE_STRICT_OBJC_MSGSEND = YES;
				ENABLE_TESTABILITY = YES;
				GCC_C_LANGUAGE_STANDARD = gnu11;
				GCC_DYNAMIC_NO_PIC = NO;
				GCC_NO_COMMON_BLOCKS = YES;
				GCC_OPTIMIZATION_LEVEL = 0;
				GCC_PREPROCESSOR_DEFINITIONS = (
					"DEBUG=1",
					"$(inherited)",
				);
				GCC_WARN_64_TO_32_BIT_CONVERSION = YES;
				GCC_WARN_ABOUT_RETURN_TYPE = YES_ERROR;
				GCC_WARN_UNDECLARED_SELECTOR = YES;
				GCC_WARN_UNINITIALIZED_AUTOS = YES_AGGRESSIVE;
				GCC_WARN_UNUSED_FUNCTION = YES;
				GCC_WARN_UNUSED_VARIABLE = YES;
				IPHONEOS_DEPLOYMENT_TARGET = 11.0;
				MTL_ENABLE_DEBUG_INFO = YES;
				ONLY_ACTIVE_ARCH = YES;
				SDKROOT = iphoneos;
			};
			name = Debug;
		};
		F8D1729E1F7C01F2002F1692 /* Release */ = {
			isa = XCBuildConfiguration;
			buildSettings = {
				ALWAYS_SEARCH_USER_PATHS = NO;
				CLANG_ANALYZER_NONNULL = YES;
				CLANG_ANALYZER_NUMBER_OBJECT_CONVERSION = YES_AGGRESSIVE;
				CLANG_CXX_LANGUAGE_STANDARD = "gnu++14";
				CLANG_CXX_LIBRARY = "libc++";
				CLANG_ENABLE_MODULES = YES;
				CLANG_ENABLE_OBJC_ARC = YES;
				CLANG_WARN_BLOCK_CAPTURE_AUTORELEASING = YES;
				CLANG_WARN_BOOL_CONVERSION = YES;
				CLANG_WARN_COMMA = YES;
				CLANG_WARN_CONSTANT_CONVERSION = YES;
				CLANG_WARN_DIRECT_OBJC_ISA_USAGE = YES_ERROR;
				CLANG_WARN_DOCUMENTATION_COMMENTS = YES;
				CLANG_WARN_EMPTY_BODY = YES;
				CLANG_WARN_ENUM_CONVERSION = YES;
				CLANG_WARN_INFINITE_RECURSION = YES;
				CLANG_WARN_INT_CONVERSION = YES;
				CLANG_WARN_NON_LITERAL_NULL_CONVERSION = YES;
				CLANG_WARN_OBJC_LITERAL_CONVERSION = YES;
				CLANG_WARN_OBJC_ROOT_CLASS = YES_ERROR;
				CLANG_WARN_RANGE_LOOP_ANALYSIS = YES;
				CLANG_WARN_STRICT_PROTOTYPES = YES;
				CLANG_WARN_SUSPICIOUS_MOVE = YES;
				CLANG_WARN_UNGUARDED_AVAILABILITY = YES_AGGRESSIVE;
				CLANG_WARN_UNREACHABLE_CODE = YES;
				CLANG_WARN__DUPLICATE_METHOD_MATCH = YES;
				CODE_SIGN_IDENTITY = "iPhone Developer";
				COPY_PHASE_STRIP = NO;
				DEBUG_INFORMATION_FORMAT = "dwarf-with-dsym";
				ENABLE_NS_ASSERTIONS = NO;
				ENABLE_STRICT_OBJC_MSGSEND = YES;
				GCC_C_LANGUAGE_STANDARD = gnu11;
				GCC_NO_COMMON_BLOCKS = YES;
				GCC_WARN_64_TO_32_BIT_CONVERSION = YES;
				GCC_WARN_ABOUT_RETURN_TYPE = YES_ERROR;
				GCC_WARN_UNDECLARED_SELECTOR = YES;
				GCC_WARN_UNINITIALIZED_AUTOS = YES_AGGRESSIVE;
				GCC_WARN_UNUSED_FUNCTION = YES;
				GCC_WARN_UNUSED_VARIABLE = YES;
				IPHONEOS_DEPLOYMENT_TARGET = 11.0;
				MTL_ENABLE_DEBUG_INFO = NO;
				SDKROOT = iphoneos;
				VALIDATE_PRODUCT = YES;
			};
			name = Release;
		};
		F8D172A01F7C01F2002F1692 /* Debug */ = {
			isa = XCBuildConfiguration;
			buildSettings = {
				ASSETCATALOG_COMPILER_APPICON_NAME = AppIcon;
				CODE_SIGN_STYLE = Automatic;
				DEVELOPMENT_TEAM = 7ZCDHZ7BQ8;
				INFOPLIST_FILE = PDSRtmpPlayerDemo/Info.plist;
				IPHONEOS_DEPLOYMENT_TARGET = 10.0;
				LD_RUNPATH_SEARCH_PATHS = "$(inherited) @executable_path/Frameworks";
				PRODUCT_BUNDLE_IDENTIFIER = com.test.PDSRtmpPlayerDemo;
				PRODUCT_NAME = "$(TARGET_NAME)";
				TARGETED_DEVICE_FAMILY = 1;
			};
			name = Debug;
		};
		F8D172A11F7C01F2002F1692 /* Release */ = {
			isa = XCBuildConfiguration;
			buildSettings = {
				ASSETCATALOG_COMPILER_APPICON_NAME = AppIcon;
				CODE_SIGN_STYLE = Automatic;
				DEVELOPMENT_TEAM = 7ZCDHZ7BQ8;
				INFOPLIST_FILE = PDSRtmpPlayerDemo/Info.plist;
				IPHONEOS_DEPLOYMENT_TARGET = 10.0;
				LD_RUNPATH_SEARCH_PATHS = "$(inherited) @executable_path/Frameworks";
				PRODUCT_BUNDLE_IDENTIFIER = com.test.PDSRtmpPlayerDemo;
				PRODUCT_NAME = "$(TARGET_NAME)";
				TARGETED_DEVICE_FAMILY = 1;
			};
			name = Release;
		};
/* End XCBuildConfiguration section */

/* Begin XCConfigurationList section */
		F8D172841F7C01F2002F1692 /* Build configuration list for PBXProject "PDSRtmpPlayerDemo" */ = {
			isa = XCConfigurationList;
			buildConfigurations = (
				F8D1729D1F7C01F2002F1692 /* Debug */,
				F8D1729E1F7C01F2002F1692 /* Release */,
			);
			defaultConfigurationIsVisible = 0;
			defaultConfigurationName = Release;
		};
		F8D1729F1F7C01F2002F1692 /* Build configuration list for PBXNativeTarget "PDSRtmpPlayerDemo" */ = {
			isa = XCConfigurationList;
			buildConfigurations = (
				F8D172A01F7C01F2002F1692 /* Debug */,
				F8D172A11F7C01F2002F1692 /* Release */,
			);
			defaultConfigurationIsVisible = 0;
			defaultConfigurationName = Release;
		};
/* End XCConfigurationList section */
	};
	rootObject = F8D172811F7C01F2002F1692 /* Project object */;
}
